<?xml version="1.0" encoding="utf-8"?>
<Project ToolsVersion="4.0" xmlns="http://schemas.microsoft.com/developer/msbuild/2003">
  <ItemGroup>
    <Filter Include="Source Files">
      <UniqueIdentifier>{4FC737F1-C7A5-4376-A066-2A32D752A2FF}</UniqueIdentifier>
      <Extensions>cpp;c;cc;cxx;c++;cppm;ixx;def;odl;idl;hpj;bat;asm;asmx</Extensions>
    </Filter>
    <Filter Include="Header Files">
      <UniqueIdentifier>{93995380-89BD-4b04-88EB-625FBE52EBFB}</UniqueIdentifier>
      <Extensions>h;hh;hpp;hxx;h++;hm;inl;inc;ipp;xsd</Extensions>
    </Filter>
    <Filter Include="Resource Files">
      <UniqueIdentifier>{67DA6AB6-F800-4c08-8B7A-83BB121AAD01}</UniqueIdentifier>
      <Extensions>rc;ico;cur;bmp;dlg;rc2;rct;bin;rgs;gif;jpg;jpeg;jpe;resx;tiff;tif;png;wav;mfcribbon-ms</Extensions>
    </Filter>
  </ItemGroup>
  <ItemGroup>
    <ClCompile Include="Source\main.cpp">
      <Filter>Source Files</Filter>
    </ClCompile>
    <ClCompile Include="Source\CGame.cpp">
      <Filter>Source Files</Filter>
    </ClCompile>
    <ClCompile Include="Source\CFont.cpp">
      <Filter>Source Files</Filter>
    </ClCompile>
    <ClCompile Include="Source\CMenu.cpp">
      <Filter>Source Files</Filter>
    </ClCompile>
    <ClCompile Include="Source\CVehicle.cpp">
      <Filter>Source Files</Filter>
    </ClCompile>
    <ClCompile Include="Source\CAnimal.cpp">
      <Filter>Source Files</Filter>
    </ClCompile>
    <ClCompile Include="Source\CLevel.cpp">
      <Filter>Source Files</Filter>
    </ClCompile>
    <ClCompile Include="Source\CImage.cpp">
      <Filter>Source Files</Filter>
    </ClCompile>
    <ClCompile Include="Source\CPeople.cpp">
      <Filter>Source Files</Filter>
    </ClCompile>
    <ClCompile Include="Source\CPlayGround.cpp">
      <Filter>Source Files</Filter>
    </ClCompile>
    <ClCompile Include="Json support\dist\jsoncpp.cpp">
      <Filter>Source Files</Filter>
    </ClCompile>
    <ClCompile Include="Source\TextField.cpp">
      <Filter>Source Files</Filter>
    </ClCompile>
    <ClCompile Include="Source\CSound.cpp">
      <Filter>Source Files</Filter>
    </ClCompile>
    <ClCompile Include="Source\CTrafficLight.cpp">
      <Filter>Source Files</Filter>
    </ClCompile>
    <ClCompile Include="Source\CCirclesAndText.cpp">
      <Filter>Source Files</Filter>
    </ClCompile>
  </ItemGroup>
  <ItemGroup>
    <ClInclude Include="Header\CGame.h">
      <Filter>Header Files</Filter>
    </ClInclude>
    <ClInclude Include="Header\CFont.h">
      <Filter>Header Files</Filter>
    </ClInclude>
    <ClInclude Include="Header\CMenu.h">
      <Filter>Header Files</Filter>
    </ClInclude>
    <ClInclude Include="Header\CVehicle.h">
      <Filter>Header Files</Filter>
    </ClInclude>
    <ClInclude Include="Header\CAnimal.h">
      <Filter>Header Files</Filter>
    </ClInclude>
    <ClInclude Include="Header\CLevel.h">
      <Filter>Header Files</Filter>
    </ClInclude>
    <ClInclude Include="Header\CImage.h">
      <Filter>Header Files</Filter>
    </ClInclude>
    <ClInclude Include="Header\CPeople.h">
      <Filter>Header Files</Filter>
    </ClInclude>
    <ClInclude Include="Header\CPlayGround.h">
      <Filter>Header Files</Filter>
    </ClInclude>
    <ClInclude Include="dist\json\json-forwards.h">
      <Filter>Header Files</Filter>
    </ClInclude>
    <ClInclude Include="Json support\dist\json\json.h">
      <Filter>Header Files</Filter>
    </ClInclude>
    <ClInclude Include="Json support\dist\json\json-forwards.h">
      <Filter>Header Files</Filter>
    </ClInclude>
    <ClInclude Include="Header\TextField.h">
      <Filter>Header Files</Filter>
    </ClInclude>
    <ClInclude Include="Header\CSound.h">
      <Filter>Header Files</Filter>
    </ClInclude>
    <ClInclude Include="Header\CTrafficLight.h">
      <Filter>Header Files</Filter>
    </ClInclude>
    <ClInclude Include="Header\CCirclesAndText.h">
      <Filter>Header Files</Filter>
    </ClInclude>
  </ItemGroup>
</Project>